{
  "version": 4,
  "terraform_version": "1.12.1",
  "serial": 5,
  "lineage": "fc80c42c-40fe-c3e9-2583-49507562d452",
  "outputs": {
    "ci_runner_sa_email": {
      "value": "ci-terraform-runner@gen-ai-pritha.iam.gserviceaccount.com",
      "type": "string"
    },
    "state_bucket_name": {
      "value": "gen-ai-pritha-tf-state-gcp",
      "type": "string"
    }
  },
  "resources": [
    {
      "mode": "managed",
      "type": "google_kms_crypto_key",
      "name": "tf_state",
      "provider": "provider[\"registry.terraform.io/hashicorp/google\"]",
      "instances": [
        {
          "schema_version": 1,
          "attributes": {
            "crypto_key_backend": "",
            "destroy_scheduled_duration": "2592000s",
            "effective_labels": {},
            "id": "projects/gen-ai-pritha/locations/us-central1/keyRings/tf-state-keyring/cryptoKeys/tf-state-key",
            "import_only": false,
            "key_ring": "projects/gen-ai-pritha/locations/us-central1/keyRings/tf-state-keyring",
            "labels": null,
            "name": "tf-state-key",
            "primary": [
              {
                "name": "projects/gen-ai-pritha/locations/us-central1/keyRings/tf-state-keyring/cryptoKeys/tf-state-key/cryptoKeyVersions/1",
                "state": "ENABLED"
              }
            ],
            "purpose": "ENCRYPT_DECRYPT",
            "rotation_period": "7776000s",
            "skip_initial_version_creation": false,
            "terraform_labels": {},
            "timeouts": null,
            "version_template": [
              {
                "algorithm": "GOOGLE_SYMMETRIC_ENCRYPTION",
                "protection_level": "SOFTWARE"
              }
            ]
          },
          "sensitive_attributes": [],
          "identity_schema_version": 0,
          "private": "eyJlMmJmYjczMC1lY2FhLTExZTYtOGY4OC0zNDM2M2JjN2M0YzAiOnsiY3JlYXRlIjoxMjAwMDAwMDAwMDAwLCJkZWxldGUiOjEyMDAwMDAwMDAwMDAsInVwZGF0ZSI6MTIwMDAwMDAwMDAwMH0sInNjaGVtYV92ZXJzaW9uIjoiMSJ9",
          "dependencies": [
            "google_kms_key_ring.tf_state"
          ]
        }
      ]
    },
    {
      "mode": "managed",
      "type": "google_kms_key_ring",
      "name": "tf_state",
      "provider": "provider[\"registry.terraform.io/hashicorp/google\"]",
      "instances": [
        {
          "schema_version": 0,
          "attributes": {
            "id": "projects/gen-ai-pritha/locations/us-central1/keyRings/tf-state-keyring",
            "location": "us-central1",
            "name": "tf-state-keyring",
            "project": "gen-ai-pritha",
            "timeouts": null
          },
          "sensitive_attributes": [],
          "identity_schema_version": 0,
          "private": "eyJlMmJmYjczMC1lY2FhLTExZTYtOGY4OC0zNDM2M2JjN2M0YzAiOnsiY3JlYXRlIjoxMjAwMDAwMDAwMDAwLCJkZWxldGUiOjEyMDAwMDAwMDAwMDB9fQ=="
        }
      ]
    },
    {
      "mode": "managed",
      "type": "google_service_account",
      "name": "ci_runner",
      "provider": "provider[\"registry.terraform.io/hashicorp/google\"]",
      "instances": [
        {
          "schema_version": 0,
          "attributes": {
            "account_id": "ci-terraform-runner",
            "create_ignore_already_exists": null,
            "description": "",
            "disabled": false,
            "display_name": "CI Terraform Runner",
            "email": "ci-terraform-runner@gen-ai-pritha.iam.gserviceaccount.com",
            "id": "projects/gen-ai-pritha/serviceAccounts/ci-terraform-runner@gen-ai-pritha.iam.gserviceaccount.com",
            "member": "serviceAccount:ci-terraform-runner@gen-ai-pritha.iam.gserviceaccount.com",
            "name": "projects/gen-ai-pritha/serviceAccounts/ci-terraform-runner@gen-ai-pritha.iam.gserviceaccount.com",
            "project": "gen-ai-pritha",
            "timeouts": null,
            "unique_id": "107904676558704064690"
          },
          "sensitive_attributes": [],
          "identity_schema_version": 0,
          "private": "eyJlMmJmYjczMC1lY2FhLTExZTYtOGY4OC0zNDM2M2JjN2M0YzAiOnsiY3JlYXRlIjozMDAwMDAwMDAwMDB9fQ=="
        }
      ]
    }
  ],
  "check_results": null
}
